// !$*UTF8*$!
{
	archiveVersion = 1;
	classes = {
	};
	objectVersion = 46;
	objects = {

/* Begin PBXBuildFile section */
		8A5476161ECB93FE00F5D075 /* AppDelegate.swift in Sources */ = {isa = PBXBuildFile; fileRef = 8A5476151ECB93FE00F5D075 /* AppDelegate.swift */; };
		8A5476181ECB93FE00F5D075 /* ViewController.swift in Sources */ = {isa = PBXBuildFile; fileRef = 8A5476171ECB93FE00F5D075 /* ViewController.swift */; };
		8A54761B1ECB93FE00F5D075 /* Main.storyboard in Resources */ = {isa = PBXBuildFile; fileRef = 8A5476191ECB93FE00F5D075 /* Main.storyboard */; };
		8A54761D1ECB93FE00F5D075 /* Assets.xcassets in Resources */ = {isa = PBXBuildFile; fileRef = 8A54761C1ECB93FE00F5D075 /* Assets.xcassets */; };
		8A5476201ECB93FE00F5D075 /* LaunchScreen.storyboard in Resources */ = {isa = PBXBuildFile; fileRef = 8A54761E1ECB93FE00F5D075 /* LaunchScreen.storyboard */; };
/* End PBXBuildFile section */

/* Begin PBXFileReference section */
		8A5476121ECB93FE00F5D075 /* Your Sample App.app */ = {isa = PBXFileReference; explicitFileType = wrapper.application; includeInIndex = 0; path = "Your Sample App.app"; sourceTree = BUILT_PRODUCTS_DIR; };
		8A5476151ECB93FE00F5D075 /* AppDelegate.swift */ = {isa = PBXFileReference; lastKnownFileType = sourcecode.swift; path = AppDelegate.swift; sourceTree = "<group>"; };
		8A5476171ECB93FE00F5D075 /* ViewController.swift */ = {isa = PBXFileReference; lastKnownFileType = sourcecode.swift; path = ViewController.swift; sourceTree = "<group>"; };
		8A54761A1ECB93FE00F5D075 /* Base */ = {isa = PBXFileReference; lastKnownFileType = file.storyboard; name = Base; path = Base.lproj/Main.storyboard; sourceTree = "<group>"; };
		8A54761C1ECB93FE00F5D075 /* Assets.xcassets */ = {isa = PBXFileReference; lastKnownFileType = folder.assetcatalog; path = Assets.xcassets; sourceTree = "<group>"; };
		8A54761F1ECB93FE00F5D075 /* Base */ = {isa = PBXFileReference; lastKnownFileType = file.storyboard; name = Base; path = Base.lproj/LaunchScreen.storyboard; sourceTree = "<group>"; };
		8A5476211ECB93FE00F5D075 /* Info.plist */ = {isa = PBXFileReference; lastKnownFileType = text.plist.xml; path = Info.plist; sourceTree = "<group>"; };
/* End PBXFileReference section */

/* Begin PBXFrameworksBuildPhase section */
		8A54760F1ECB93FE00F5D075 /* Frameworks */ = {
			isa = PBXFrameworksBuildPhase;
			buildActionMask = 2147483647;
			files = (
			);
			runOnlyForDeploymentPostprocessing = 0;
		};
/* End PBXFrameworksBuildPhase section */

/* Begin PBXGroup section */
		8A5476091ECB93FE00F5D075 = {
			isa = PBXGroup;
			children = (
				8A5476141ECB93FE00F5D075 /* Your Sample App */,
				8A5476131ECB93FE00F5D075 /* Products */,
			);
			sourceTree = "<group>";
		};
		8A5476131ECB93FE00F5D075 /* Products */ = {
			isa = PBXGroup;
			children = (
				8A5476121ECB93FE00F5D075 /* Your Sample App.app */,
			);
			name = Products;
			sourceTree = "<group>";
		};
		8A5476141ECB93FE00F5D075 /* Your Sample App */ = {
			isa = PBXGroup;
			children = (
				8A5476151ECB93FE00F5D075 /* AppDelegate.swift */,
				8A5476171ECB93FE00F5D075 /* ViewController.swift */,
				8A5476191ECB93FE00F5D075 /* Main.storyboard */,
				8A54761C1ECB93FE00F5D075 /* Assets.xcassets */,
				8A54761E1ECB93FE00F5D075 /* LaunchScreen.storyboard */,
				8A5476211ECB93FE00F5D075 /* Info.plist */,
			);
			path = "Your Sample App";
			sourceTree = "<group>";
		};
/* End PBXGroup section */

/* Begin PBXNativeTarget section */
		8A5476111ECB93FE00F5D075 /* Your Sample App */ = {
			isa = PBXNativeTarget;
			buildConfigurationList = 8A5476241ECB93FE00F5D075 /* Build configuration list for PBXNativeTarget "Your Sample App" */;
			buildPhases = (
				8A54760E1ECB93FE00F5D075 /* Sources */,
				8A54760F1ECB93FE00F5D075 /* Frameworks */,
				8A5476101ECB93FE00F5D075 /* Resources */,
			);
			buildRules = (
			);
			dependencies = (
			);
			name = "Your Sample App";
			productName = "Your Sample App";
			productReference = 8A5476121ECB93FE00F5D075 /* Your Sample App.app */;
			productType = "com.apple.product-type.application";
		};
/* End PBXNativeTarget section */

/* Begin PBXProject section */
		8A54760A1ECB93FE00F5D075 /* Project object */ = {
			isa = PBXProject;
			attributes = {
				LastSwiftUpdateCheck = 0830;
				LastUpgradeCheck = 0830;
				ORGANIZATIONNAME = com.dustinsniff.insta;
				TargetAttributes = {
					8A5476111ECB93FE00F5D075 = {
						CreatedOnToolsVersion = 8.3.2;
						DevelopmentTeam = PPNUM3BVWD;
						ProvisioningStyle = Automatic;
					};
				};
			};
			buildConfigurationList = 8A54760D1ECB93FE00F5D075 /* Build configuration list for PBXProject "Your Sample App" */;
			compatibilityVersion = "Xcode 3.2";
			developmentRegion = English;
			hasScannedForEncodings = 0;
			knownRegions = (
				en,
				Base,
			);
			mainGroup = 8A5476091ECB93FE00F5D075;
			productRefGroup = 8A5476131ECB93FE00F5D075 /* Products */;
			projectDirPath = "";
			projectRoot = "";
			targets = (
				8A5476111ECB93FE00F5D075 /* Your Sample App */,
			);
		};
/* End PBXProject section */

/* Begin PBXResourcesBuildPhase section */
		8A5476101ECB93FE00F5D075 /* Resources */ = {
			isa = PBXResourcesBuildPhase;
			buildActionMask = 2147483647;
			files = (
				8A5476201ECB93FE00F5D075 /* LaunchScreen.storyboard in Resources */,
				8A54761D1ECB93FE00F5D075 /* Assets.xcassets in Resources */,
				8A54761B1ECB93FE00F5D075 /* Main.storyboard in Resources */,
			);
			runOnlyForDeploymentPostprocessing = 0;
		};
/* End PBXResourcesBuildPhase section */

/* Begin PBXSourcesBuildPhase section */
		8A54760E1ECB93FE00F5D075 /* Sources */ = {
			isa = PBXSourcesBuildPhase;
			buildActionMask = 2147483647;
			files = (
				8A5476181ECB93FE00F5D075 /* ViewController.swift in Sources */,
				8A5476161ECB93FE00F5D075 /* AppDelegate.swift in Sources */,
			);
			runOnlyForDeploymentPostprocessing = 0;
		};
/* End PBXSourcesBuildPhase section */

/* Begin PBXVariantGroup section */
		8A5476191ECB93FE00F5D075 /* Main.storyboard */ = {
			isa = PBXVariantGroup;
			children = (
				8A54761A1ECB93FE00F5D075 /* Base */,
			);
			name = Main.storyboard;
			sourceTree = "<group>";
		};
		8A54761E1ECB93FE00F5D075 /* LaunchScreen.storyboard */ = {
			isa = PBXVariantGroup;
			children = (
				8A54761F1ECB93FE00F5D075 /* Base */,
			);
			name = LaunchScreen.storyboard;
			sourceTree = "<group>";
		};
/* End PBXVariantGroup section */

/* Begin XCBuildConfiguration section */
		8A5476221ECB93FE00F5D075 /* Debug */ = {
			isa = XCBuildConfiguration;
			buildSettings = {
				ALWAYS_SEARCH_USER_PATHS = NO;
				CLANG_ANALYZER_NONNULL = YES;
				CLANG_ANALYZER_NUMBER_OBJECT_CONVERSION = YES_AGGRESSIVE;
				CLANG_CXX_LANGUAGE_STANDARD = "gnu++0x";
				CLANG_CXX_LIBRARY = "libc++";
				CLANG_ENABLE_MODULES = YES;
				CLANG_ENABLE_OBJC_ARC = YES;
				CLANG_WARN_BOOL_CONVERSION = YES;
				CLANG_WARN_CONSTANT_CONVERSION = YES;
				CLANG_WARN_DIRECT_OBJC_ISA_USAGE = YES_ERROR;
				CLANG_WARN_DOCUMENTATION_COMMENTS = YES;
				CLANG_WARN_EMPTY_BODY = YES;
				CLANG_WARN_ENUM_CONVERSION = YES;
				CLANG_WARN_INFINITE_RECURSION = YES;
				CLANG_WARN_INT_CONVERSION = YES;
				CLANG_WARN_OBJC_ROOT_CLASS = YES_ERROR;
				CLANG_WARN_SUSPICIOUS_MOVE = YES;
				CLANG_WARN_UNREACHABLE_CODE = YES;
				CLANG_WARN__DUPLICATE_METHOD_MATCH = YES;
				"CODE_SIGN_IDENTITY[sdk=iphoneos*]" = "iPhone Developer";
				COPY_PHASE_STRIP = NO;
				DEBUG_INFORMATION_FORMAT = dwarf;
				ENABLE_STRICT_OBJC_MSGSEND = YES;
				ENABLE_TESTABILITY = YES;
				GCC_C_LANGUAGE_STANDARD = gnu99;
				GCC_DYNAMIC_NO_PIC = NO;
				GCC_NO_COMMON_BLOCKS = YES;
				GCC_OPTIMIZATION_LEVEL = 0;
				GCC_PREPROCESSOR_DEFINITIONS = (
					"DEBUG=1",
					"$(inherited)",
				);
				GCC_WARN_64_TO_32_BIT_CONVERSION = YES;
				GCC_WARN_ABOUT_RETURN_TYPE = YES_ERROR;
				GCC_WARN_UNDECLARED_SELECTOR = YES;
				GCC_WARN_UNINITIALIZED_AUTOS = YES_AGGRESSIVE;
				GCC_WARN_UNUSED_FUNCTION = YES;
				GCC_WARN_UNUSED_VARIABLE = YES;
				IPHONEOS_DEPLOYMENT_TARGET = 10.3;
				MTL_ENABLE_DEBUG_INFO = YES;
				ONLY_ACTIVE_ARCH = YES;
				SDKROOT = iphoneos;
				SWIFT_ACTIVE_COMPILATION_CONDITIONS = DEBUG;
				SWIFT_OPTIMIZATION_LEVEL = "-Onone";
				TARGETED_DEVICE_FAMILY = "1,2";
			};
			name = Debug;
		};
		8A5476231ECB93FE00F5D075 /* Release */ = {
			isa = XCBuildConfiguration;
			buildSettings = {
				ALWAYS_SEARCH_USER_PATHS = NO;
				CLANG_ANALYZER_NONNULL = YES;
				CLANG_ANALYZER_NUMBER_OBJECT_CONVERSION = YES_AGGRESSIVE;
				CLANG_CXX_LANGUAGE_STANDARD = "gnu++0x";
				CLANG_CXX_LIBRARY = "libc++";
				CLANG_ENABLE_MODULES = YES;
				CLANG_ENABLE_OBJC_ARC = YES;
				CLANG_WARN_BOOL_CONVERSION = YES;
				CLANG_WARN_CONSTANT_CONVERSION = YES;
				CLANG_WARN_DIRECT_OBJC_ISA_USAGE = YES_ERROR;
				CLANG_WARN_DOCUMENTATION_COMMENTS = YES;
				CLANG_WARN_EMPTY_BODY = YES;
				CLANG_WARN_ENUM_CONVERSION = YES;
				CLANG_WARN_INFINITE_RECURSION = YES;
				CLANG_WARN_INT_CONVERSION = YES;
				CLANG_WARN_OBJC_ROOT_CLASS = YES_ERROR;
				CLANG_WARN_SUSPICIOUS_MOVE = YES;
				CLANG_WARN_UNREACHABLE_CODE = YES;
				CLANG_WARN__DUPLICATE_METHOD_MATCH = YES;
				"CODE_SIGN_IDENTITY[sdk=iphoneos*]" = "iPhone Developer";
				COPY_PHASE_STRIP = NO;
				DEBUG_INFORMATION_FORMAT = "dwarf-with-dsym";
				ENABLE_NS_ASSERTIONS = NO;
				ENABLE_STRICT_OBJC_MSGSEND = YES;
				GCC_C_LANGUAGE_STANDARD = gnu99;
				GCC_NO_COMMON_BLOCKS = YES;
				GCC_WARN_64_TO_32_BIT_CONVERSION = YES;
				GCC_WARN_ABOUT_RETURN_TYPE = YES_ERROR;
				GCC_WARN_UNDECLARED_SELECTOR = YES;
				GCC_WARN_UNINITIALIZED_AUTOS = YES_AGGRESSIVE;
				GCC_WARN_UNUSED_FUNCTION = YES;
				GCC_WARN_UNUSED_VARIABLE = YES;
				IPHONEOS_DEPLOYMENT_TARGET = 10.3;
				MTL_ENABLE_DEBUG_INFO = NO;
				SDKROOT = iphoneos;
				SWIFT_OPTIMIZATION_LEVEL = "-Owholemodule";
				TARGETED_DEVICE_FAMILY = "1,2";
				VALIDATE_PRODUCT = YES;
			};
			name = Release;
		};
		8A5476251ECB93FE00F5D075 /* Debug */ = {
			isa = XCBuildConfiguration;
			buildSettings = {
				ASSETCATALOG_COMPILER_APPICON_NAME = AppIcon;
				DEVELOPMENT_TEAM = PPNUM3BVWD;
				INFOPLIST_FILE = "Your Sample App/Info.plist";
				LD_RUNPATH_SEARCH_PATHS = "$(inherited) @executable_path/Frameworks";
				PRODUCT_BUNDLE_IDENTIFIER = "dustin.Your-Sample-App";
				PRODUCT_NAME = "$(TARGET_NAME)";
				SWIFT_VERSION = 3.0;
			};
			name = Debug;
		};
		8A5476261ECB93FE00F5D075 /* Release */ = {
			isa = XCBuildConfiguration;
			buildSettings = {
				ASSETCATALOG_COMPILER_APPICON_NAME = AppIcon;
				DEVELOPMENT_TEAM = PPNUM3BVWD;
				INFOPLIST_FILE = "Your Sample App/Info.plist";
				LD_RUNPATH_SEARCH_PATHS = "$(inherited) @executable_path/Frameworks";
				PRODUCT_BUNDLE_IDENTIFIER = "dustin.Your-Sample-App";
				PRODUCT_NAME = "$(TARGET_NAME)";
				SWIFT_VERSION = 3.0;
			};
			name = Release;
		};
/* End XCBuildConfiguration section */

/* Begin XCConfigurationList section */
		8A54760D1ECB93FE00F5D075 /* Build configuration list for PBXProject "Your Sample App" */ = {
			isa = XCConfigurationList;
			buildConfigurations = (
				8A5476221ECB93FE00F5D075 /* Debug */,
				8A5476231ECB93FE00F5D075 /* Release */,
			);
			defaultConfigurationIsVisible = 0;
			defaultConfigurationName = Release;
		};
		8A5476241ECB93FE00F5D075 /* Build configuration list for PBXNativeTarget "Your Sample App" */ = {
			isa = XCConfigurationList;
			buildConfigurations = (
				8A5476251ECB93FE00F5D075 /* Debug */,
				8A5476261ECB93FE00F5D075 /* Release */,
			);
			defaultConfigurationIsVisible = 0;
		};
/* End XCConfigurationList section */
	};
	rootObject = 8A54760A1ECB93FE00F5D075 /* Project object */;
}
